
Microsoft Visual Studio Solution File, Format Version 12.00
# Visual Studio Version 16
VisualStudioVersion = 16.0.31005.135
MinimumVisualStudioVersion = 10.0.40219.1
Project("{FAE04EC0-301F-11D3-BF4B-00C04F79EFBC}") = "testAzure", "testAzure\testAzure.csproj", "{BB76F7C5-56FE-4505-8179-586AC1223C29}"
EndProject
Global
	GlobalSection(SolutionConfigurationPlatforms) = preSolution
		Debug|Any CPU = Debug|Any CPU
		Release|Any CPU = Release|Any CPU
	EndGlobalSection
	GlobalSection(ProjectConfigurationPlatforms) = postSolution
		{BB76F7C5-56FE-4505-8179-586AC1223C29}.Debug|Any CPU.ActiveCfg = Debug|Any CPU
		{BB76F7C5-56FE-4505-8179-586AC1223C29}.Debug|Any CPU.Build.0 = Debug|Any CPU
		{BB76F7C5-56FE-4505-8179-586AC1223C29}.Release|Any CPU.ActiveCfg = Release|Any CPU
		{BB76F7C5-56FE-4505-8179-586AC1223C29}.Release|Any CPU.Build.0 = Release|Any CPU
	EndGlobalSection
	GlobalSection(SolutionProperties) = preSolution
		HideSolutionNode = FALSE
	EndGlobalSection
	GlobalSection(ExtensibilityGlobals) = postSolution
		SolutionGuid = {C8D633FE-7C9F-4EF6-B3B9-6B6AD8FC6225}
	EndGlobalSection
EndGlobal
